
Microsoft Visual Studio Solution File, Format Version 12.00
# Visual Studio Version 17
VisualStudioVersion = 17.0.32126.317
MinimumVisualStudioVersion = 10.0.40219.1
Project("{FAE04EC0-301F-11D3-BF4B-00C04F79EFBC}") = "CarritoApp.Android", "CarritoApp.Android\CarritoApp.Android.csproj", "{64FB8182-402B-497D-BC09-40AD51F8587E}"
EndProject
Project("{FAE04EC0-301F-11D3-BF4B-00C04F79EFBC}") = "CarritoApp.iOS", "CarritoApp.iOS\CarritoApp.iOS.csproj", "{68F192F4-22F5-4D5A-9D2C-69439305B5CA}"
EndProject
Project("{FAE04EC0-301F-11D3-BF4B-00C04F79EFBC}") = "CarritoApp", "CarritoApp\CarritoApp.csproj", "{3B64B890-A0B7-4C75-98B5-F300B23F54D9}"
EndProject
Global
	GlobalSection(SolutionConfigurationPlatforms) = preSolution
		Debug|Any CPU = Debug|Any CPU
		Debug|iPhone = Debug|iPhone
		Debug|iPhoneSimulator = Debug|iPhoneSimulator
		Release|Any CPU = Release|Any CPU
		Release|iPhone = Release|iPhone
		Release|iPhoneSimulator = Release|iPhoneSimulator
	EndGlobalSection
	GlobalSection(ProjectConfigurationPlatforms) = postSolution
		{64FB8182-402B-497D-BC09-40AD51F8587E}.Debug|Any CPU.ActiveCfg = Debug|Any CPU
		{64FB8182-402B-497D-BC09-40AD51F8587E}.Debug|Any CPU.Build.0 = Debug|Any CPU
		{64FB8182-402B-497D-BC09-40AD51F8587E}.Debug|Any CPU.Deploy.0 = Debug|Any CPU
		{64FB8182-402B-497D-BC09-40AD51F8587E}.Debug|iPhone.ActiveCfg = Debug|Any CPU
		{64FB8182-402B-497D-BC09-40AD51F8587E}.Debug|iPhone.Build.0 = Debug|Any CPU
		{64FB8182-402B-497D-BC09-40AD51F8587E}.Debug|iPhone.Deploy.0 = Debug|Any CPU
		{64FB8182-402B-497D-BC09-40AD51F8587E}.Debug|iPhoneSimulator.ActiveCfg = Debug|Any CPU
		{64FB8182-402B-497D-BC09-40AD51F8587E}.Debug|iPhoneSimulator.Build.0 = Debug|Any CPU
		{64FB8182-402B-497D-BC09-40AD51F8587E}.Debug|iPhoneSimulator.Deploy.0 = Debug|Any CPU
		{64FB8182-402B-497D-BC09-40AD51F8587E}.Release|Any CPU.ActiveCfg = Release|Any CPU
		{64FB8182-402B-497D-BC09-40AD51F8587E}.Release|Any CPU.Build.0 = Release|Any CPU
		{64FB8182-402B-497D-BC09-40AD51F8587E}.Release|Any CPU.Deploy.0 = Release|Any CPU
		{64FB8182-402B-497D-BC09-40AD51F8587E}.Release|iPhone.ActiveCfg = Release|Any CPU
		{64FB8182-402B-497D-BC09-40AD51F8587E}.Release|iPhone.Build.0 = Release|Any CPU
		{64FB8182-402B-497D-BC09-40AD51F8587E}.Release|iPhone.Deploy.0 = Release|Any CPU
		{64FB8182-402B-497D-BC09-40AD51F8587E}.Release|iPhoneSimulator.ActiveCfg = Release|Any CPU
		{64FB8182-402B-497D-BC09-40AD51F8587E}.Release|iPhoneSimulator.Build.0 = Release|Any CPU
		{64FB8182-402B-497D-BC09-40AD51F8587E}.Release|iPhoneSimulator.Deploy.0 = Release|Any CPU
		{68F192F4-22F5-4D5A-9D2C-69439305B5CA}.Debug|Any CPU.ActiveCfg = Debug|iPhone
		{68F192F4-22F5-4D5A-9D2C-69439305B5CA}.Debug|Any CPU.Build.0 = Debug|iPhone
		{68F192F4-22F5-4D5A-9D2C-69439305B5CA}.Debug|Any CPU.Deploy.0 = Debug|iPhone
		{68F192F4-22F5-4D5A-9D2C-69439305B5CA}.Debug|iPhone.ActiveCfg = Debug|iPhone
		{68F192F4-22F5-4D5A-9D2C-69439305B5CA}.Debug|iPhone.Build.0 = Debug|iPhone
		{68F192F4-22F5-4D5A-9D2C-69439305B5CA}.Debug|iPhone.Deploy.0 = Debug|iPhone
		{68F192F4-22F5-4D5A-9D2C-69439305B5CA}.Debug|iPhoneSimulator.ActiveCfg = Debug|iPhoneSimulator
		{68F192F4-22F5-4D5A-9D2C-69439305B5CA}.Debug|iPhoneSimulator.Build.0 = Debug|iPhoneSimulator
		{68F192F4-22F5-4D5A-9D2C-69439305B5CA}.Debug|iPhoneSimulator.Deploy.0 = Debug|iPhoneSimulator
		{68F192F4-22F5-4D5A-9D2C-69439305B5CA}.Release|Any CPU.ActiveCfg = Release|iPhoneSimulator
		{68F192F4-22F5-4D5A-9D2C-69439305B5CA}.Release|Any CPU.Build.0 = Release|iPhoneSimulator
		{68F192F4-22F5-4D5A-9D2C-69439305B5CA}.Release|Any CPU.Deploy.0 = Release|iPhoneSimulator
		{68F192F4-22F5-4D5A-9D2C-69439305B5CA}.Release|iPhone.ActiveCfg = Release|iPhone
		{68F192F4-22F5-4D5A-9D2C-69439305B5CA}.Release|iPhone.Build.0 = Release|iPhone
		{68F192F4-22F5-4D5A-9D2C-69439305B5CA}.Release|iPhone.Deploy.0 = Release|iPhone
		{68F192F4-22F5-4D5A-9D2C-69439305B5CA}.Release|iPhoneSimulator.ActiveCfg = Release|iPhoneSimulator
		{68F192F4-22F5-4D5A-9D2C-69439305B5CA}.Release|iPhoneSimulator.Build.0 = Release|iPhoneSimulator
		{68F192F4-22F5-4D5A-9D2C-69439305B5CA}.Release|iPhoneSimulator.Deploy.0 = Release|iPhoneSimulator
		{3B64B890-A0B7-4C75-98B5-F300B23F54D9}.Debug|Any CPU.ActiveCfg = Debug|Any CPU
		{3B64B890-A0B7-4C75-98B5-F300B23F54D9}.Debug|Any CPU.Build.0 = Debug|Any CPU
		{3B64B890-A0B7-4C75-98B5-F300B23F54D9}.Debug|Any CPU.Deploy.0 = Debug|Any CPU
		{3B64B890-A0B7-4C75-98B5-F300B23F54D9}.Debug|iPhone.ActiveCfg = Debug|Any CPU
		{3B64B890-A0B7-4C75-98B5-F300B23F54D9}.Debug|iPhone.Build.0 = Debug|Any CPU
		{3B64B890-A0B7-4C75-98B5-F300B23F54D9}.Debug|iPhone.Deploy.0 = Debug|Any CPU
		{3B64B890-A0B7-4C75-98B5-F300B23F54D9}.Debug|iPhoneSimulator.ActiveCfg = Debug|Any CPU
		{3B64B890-A0B7-4C75-98B5-F300B23F54D9}.Debug|iPhoneSimulator.Build.0 = Debug|Any CPU
		{3B64B890-A0B7-4C75-98B5-F300B23F54D9}.Debug|iPhoneSimulator.Deploy.0 = Debug|Any CPU
		{3B64B890-A0B7-4C75-98B5-F300B23F54D9}.Release|Any CPU.ActiveCfg = Release|Any CPU
		{3B64B890-A0B7-4C75-98B5-F300B23F54D9}.Release|Any CPU.Build.0 = Release|Any CPU
		{3B64B890-A0B7-4C75-98B5-F300B23F54D9}.Release|Any CPU.Deploy.0 = Release|Any CPU
		{3B64B890-A0B7-4C75-98B5-F300B23F54D9}.Release|iPhone.ActiveCfg = Release|Any CPU
		{3B64B890-A0B7-4C75-98B5-F300B23F54D9}.Release|iPhone.Build.0 = Release|Any CPU
		{3B64B890-A0B7-4C75-98B5-F300B23F54D9}.Release|iPhone.Deploy.0 = Release|Any CPU
		{3B64B890-A0B7-4C75-98B5-F300B23F54D9}.Release|iPhoneSimulator.ActiveCfg = Release|Any CPU
		{3B64B890-A0B7-4C75-98B5-F300B23F54D9}.Release|iPhoneSimulator.Build.0 = Release|Any CPU
		{3B64B890-A0B7-4C75-98B5-F300B23F54D9}.Release|iPhoneSimulator.Deploy.0 = Release|Any CPU
	EndGlobalSection
	GlobalSection(SolutionProperties) = preSolution
		HideSolutionNode = FALSE
	EndGlobalSection
	GlobalSection(ExtensibilityGlobals) = postSolution
		SolutionGuid = {96C77250-DFC1-4B67-AE0B-5FBD7233293C}
	EndGlobalSection
EndGlobal
